# THIS IS AN AUTOGENERATED FILE. DO NOT EDIT THIS FILE DIRECTLY.
# yarn lockfile v1


"@emnapi/runtime@^1.7.0":
  version "1.8.1"
  resolved "https://registry.yarnpkg.com/@emnapi/runtime/-/runtime-1.8.1.tgz#550fa7e3c0d49c5fb175a116e8cd70614f9a22a5"
  integrity sha512-mehfKSMWjjNol8659Z8KxEMrdSJDDot5SXMq00dM8BN4o+CLNXQ0xH2V7EchNHV4RmbZLmmPdEaXZc5H2FXmDg==
  dependencies:
    tslib "^2.4.0"

"@esbuild/aix-ppc64@0.27.3":
  version "0.27.3"
  resolved "https://registry.yarnpkg.com/@esbuild/aix-ppc64/-/aix-ppc64-0.27.3.tgz#815b39267f9bffd3407ea6c376ac32946e24f8d2"
  integrity sha512-9fJMTNFTWZMh5qwrBItuziu834eOCUcEqymSH7pY+zoMVEZg3gcPuBNxH1EvfVYe9h0x/Ptw8KBzv7qxb7l8dg==

"@esbuild/android-arm64@0.27.3":
  version "0.27.3"
  resolved "https://registry.yarnpkg.com/@esbuild/android-arm64/-/android-arm64-0.27.3.tgz#19b882408829ad8e12b10aff2840711b2da361e8"
  integrity sha512-YdghPYUmj/FX2SYKJ0OZxf+iaKgMsKHVPF1MAq/P8WirnSpCStzKJFjOjzsW0QQ7oIAiccHdcqjbHmJxRb/dmg==

"@esbuild/android-arm@0.27.3":
  version "0.27.3"
  resolved "https://registry.yarnpkg.com/@esbuild/android-arm/-/android-arm-0.27.3.tgz#90be58de27915efa27b767fcbdb37a4470627d7b"
  integrity sha512-i5D1hPY7GIQmXlXhs2w8AWHhenb00+GxjxRncS2ZM7YNVGNfaMxgzSGuO8o8SJzRc/oZwU2bcScvVERk03QhzA==

"@esbuild/android-x64@0.27.3":
  version "0.27.3"
  resolved "https://registry.yarnpkg.com/@esbuild/android-x64/-/android-x64-0.27.3.tgz#d7dcc976f16e01a9aaa2f9b938fbec7389f895ac"
  integrity sha512-IN/0BNTkHtk8lkOM8JWAYFg4ORxBkZQf9zXiEOfERX/CzxW3Vg1ewAhU7QSWQpVIzTW+b8Xy+lGzdYXV6UZObQ==

"@esbuild/darwin-arm64@0.27.3":
  version "0.27.3"
  resolved "https://registry.yarnpkg.com/@esbuild/darwin-arm64/-/darwin-arm64-0.27.3.tgz#9f6cac72b3a8532298a6a4493ed639a8988e8abd"
  integrity sha512-Re491k7ByTVRy0t3EKWajdLIr0gz2kKKfzafkth4Q8A5n1xTHrkqZgLLjFEHVD+AXdUGgQMq+Godfq45mGpCKg==

"@esbuild/darwin-x64@0.27.3":
  version "0.27.3"
  resolved "https://registry.yarnpkg.com/@esbuild/darwin-x64/-/darwin-x64-0.27.3.tgz#ac61d645faa37fd650340f1866b0812e1fb14d6a"
  integrity sha512-vHk/hA7/1AckjGzRqi6wbo+jaShzRowYip6rt6q7VYEDX4LEy1pZfDpdxCBnGtl+A5zq8iXDcyuxwtv3hNtHFg==

"@esbuild/freebsd-arm64@0.27.3":
  version "0.27.3"
  resolved "https://registry.yarnpkg.com/@esbuild/freebsd-arm64/-/freebsd-arm64-0.27.3.tgz#b8625689d73cf1830fe58c39051acdc12474ea1b"
  integrity sha512-ipTYM2fjt3kQAYOvo6vcxJx3nBYAzPjgTCk7QEgZG8AUO3ydUhvelmhrbOheMnGOlaSFUoHXB6un+A7q4ygY9w==

"@esbuild/freebsd-x64@0.27.3":
  version "0.27.3"
  resolved "https://registry.yarnpkg.com/@esbuild/freebsd-x64/-/freebsd-x64-0.27.3.tgz#07be7dd3c9d42fe0eccd2ab9f9ded780bc53bead"
  integrity sha512-dDk0X87T7mI6U3K9VjWtHOXqwAMJBNN2r7bejDsc+j03SEjtD9HrOl8gVFByeM0aJksoUuUVU9TBaZa2rgj0oA==

"@esbuild/linux-arm64@0.27.3":
  version "0.27.3"
  resolved "https://registry.yarnpkg.com/@esbuild/linux-arm64/-/linux-arm64-0.27.3.tgz#bf31918fe5c798586460d2b3d6c46ed2c01ca0b6"
  integrity sha512-sZOuFz/xWnZ4KH3YfFrKCf1WyPZHakVzTiqji3WDc0BCl2kBwiJLCXpzLzUBLgmp4veFZdvN5ChW4Eq/8Fc2Fg==

"@esbuild/linux-arm@0.27.3":
  version "0.27.3"
  resolved "https://registry.yarnpkg.com/@esbuild/linux-arm/-/linux-arm-0.27.3.tgz#28493ee46abec1dc3f500223cd9f8d2df08f9d11"
  integrity sha512-s6nPv2QkSupJwLYyfS+gwdirm0ukyTFNl3KTgZEAiJDd+iHZcbTPPcWCcRYH+WlNbwChgH2QkE9NSlNrMT8Gfw==

"@esbuild/linux-ia32@0.27.3":
  version "0.27.3"
  resolved "https://registry.yarnpkg.com/@esbuild/linux-ia32/-/linux-ia32-0.27.3.tgz#750752a8b30b43647402561eea764d0a41d0ee29"
  integrity sha512-yGlQYjdxtLdh0a3jHjuwOrxQjOZYD/C9PfdbgJJF3TIZWnm/tMd/RcNiLngiu4iwcBAOezdnSLAwQDPqTmtTYg==

"@esbuild/linux-loong64@0.27.3":
  version "0.27.3"
  resolved "https://registry.yarnpkg.com/@esbuild/linux-loong64/-/linux-loong64-0.27.3.tgz#a5a92813a04e71198c50f05adfaf18fc1e95b9ed"
  integrity sha512-WO60Sn8ly3gtzhyjATDgieJNet/KqsDlX5nRC5Y3oTFcS1l0KWba+SEa9Ja1GfDqSF1z6hif/SkpQJbL63cgOA==

"@esbuild/linux-mips64el@0.27.3":
  version "0.27.3"
  resolved "https://registry.yarnpkg.com/@esbuild/linux-mips64el/-/linux-mips64el-0.27.3.tgz#deb45d7fd2d2161eadf1fbc593637ed766d50bb1"
  integrity sha512-APsymYA6sGcZ4pD6k+UxbDjOFSvPWyZhjaiPyl/f79xKxwTnrn5QUnXR5prvetuaSMsb4jgeHewIDCIWljrSxw==

"@esbuild/linux-ppc64@0.27.3":
  version "0.27.3"
  resolved "https://registry.yarnpkg.com/@esbuild/linux-ppc64/-/linux-ppc64-0.27.3.tgz#6f39ae0b8c4d3d2d61a65b26df79f6e12a1c3d78"
  integrity sha512-eizBnTeBefojtDb9nSh4vvVQ3V9Qf9Df01PfawPcRzJH4gFSgrObw+LveUyDoKU3kxi5+9RJTCWlj4FjYXVPEA==

"@esbuild/linux-riscv64@0.27.3":
  version "0.27.3"
  resolved "https://registry.yarnpkg.com/@esbuild/linux-riscv64/-/linux-riscv64-0.27.3.tgz#4c5c19c3916612ec8e3915187030b9df0b955c1d"
  integrity sha512-3Emwh0r5wmfm3ssTWRQSyVhbOHvqegUDRd0WhmXKX2mkHJe1SFCMJhagUleMq+Uci34wLSipf8Lagt4LlpRFWQ==

"@esbuild/linux-s390x@0.27.3":
  version "0.27.3"
  resolved "https://registry.yarnpkg.com/@esbuild/linux-s390x/-/linux-s390x-0.27.3.tgz#9ed17b3198fa08ad5ccaa9e74f6c0aff7ad0156d"
  integrity sha512-pBHUx9LzXWBc7MFIEEL0yD/ZVtNgLytvx60gES28GcWMqil8ElCYR4kvbV2BDqsHOvVDRrOxGySBM9Fcv744hw==

"@esbuild/linux-x64@0.27.3":
  version "0.27.3"
  resolved "https://registry.yarnpkg.com/@esbuild/linux-x64/-/linux-x64-0.27.3.tgz#12383dcbf71b7cf6513e58b4b08d95a710bf52a5"
  integrity sha512-Czi8yzXUWIQYAtL/2y6vogER8pvcsOsk5cpwL4Gk5nJqH5UZiVByIY8Eorm5R13gq+DQKYg0+JyQoytLQas4dA==

"@esbuild/netbsd-arm64@0.27.3":
  version "0.27.3"
  resolved "https://registry.yarnpkg.com/@esbuild/netbsd-arm64/-/netbsd-arm64-0.27.3.tgz#dd0cb2fa543205fcd931df44f4786bfcce6df7d7"
  integrity sha512-sDpk0RgmTCR/5HguIZa9n9u+HVKf40fbEUt+iTzSnCaGvY9kFP0YKBWZtJaraonFnqef5SlJ8/TiPAxzyS+UoA==

"@esbuild/netbsd-x64@0.27.3":
  version "0.27.3"
  resolved "https://registry.yarnpkg.com/@esbuild/netbsd-x64/-/netbsd-x64-0.27.3.tgz#028ad1807a8e03e155153b2d025b506c3787354b"
  integrity sha512-P14lFKJl/DdaE00LItAukUdZO5iqNH7+PjoBm+fLQjtxfcfFE20Xf5CrLsmZdq5LFFZzb5JMZ9grUwvtVYzjiA==

"@esbuild/openbsd-arm64@0.27.3":
  version "0.27.3"
  resolved "https://registry.yarnpkg.com/@esbuild/openbsd-arm64/-/openbsd-arm64-0.27.3.tgz#e3c16ff3490c9b59b969fffca87f350ffc0e2af5"
  integrity sha512-AIcMP77AvirGbRl/UZFTq5hjXK+2wC7qFRGoHSDrZ5v5b8DK/GYpXW3CPRL53NkvDqb9D+alBiC/dV0Fb7eJcw==

"@esbuild/openbsd-x64@0.27.3":
  version "0.27.3"
  resolved "https://registry.yarnpkg.com/@esbuild/openbsd-x64/-/openbsd-x64-0.27.3.tgz#c5a4693fcb03d1cbecbf8b422422468dfc0d2a8b"
  integrity sha512-DnW2sRrBzA+YnE70LKqnM3P+z8vehfJWHXECbwBmH/CU51z6FiqTQTHFenPlHmo3a8UgpLyH3PT+87OViOh1AQ==

"@esbuild/openharmony-arm64@0.27.3":
  version "0.27.3"
  resolved "https://registry.yarnpkg.com/@esbuild/openharmony-arm64/-/openharmony-arm64-0.27.3.tgz#082082444f12db564a0775a41e1991c0e125055e"
  integrity sha512-NinAEgr/etERPTsZJ7aEZQvvg/A6IsZG/LgZy+81wON2huV7SrK3e63dU0XhyZP4RKGyTm7aOgmQk0bGp0fy2g==

"@esbuild/sunos-x64@0.27.3":
  version "0.27.3"
  resolved "https://registry.yarnpkg.com/@esbuild/sunos-x64/-/sunos-x64-0.27.3.tgz#5ab036c53f929e8405c4e96e865a424160a1b537"
  integrity sha512-PanZ+nEz+eWoBJ8/f8HKxTTD172SKwdXebZ0ndd953gt1HRBbhMsaNqjTyYLGLPdoWHy4zLU7bDVJztF5f3BHA==

"@esbuild/win32-arm64@0.27.3":
  version "0.27.3"
  resolved "https://registry.yarnpkg.com/@esbuild/win32-arm64/-/win32-arm64-0.27.3.tgz#38de700ef4b960a0045370c171794526e589862e"
  integrity sha512-B2t59lWWYrbRDw/tjiWOuzSsFh1Y/E95ofKz7rIVYSQkUYBjfSgf6oeYPNWHToFRr2zx52JKApIcAS/D5TUBnA==

"@esbuild/win32-ia32@0.27.3":
  version "0.27.3"
  resolved "https://registry.yarnpkg.com/@esbuild/win32-ia32/-/win32-ia32-0.27.3.tgz#451b93dc03ec5d4f38619e6cd64d9f9eff06f55c"
  integrity sha512-QLKSFeXNS8+tHW7tZpMtjlNb7HKau0QDpwm49u0vUp9y1WOF+PEzkU84y9GqYaAVW8aH8f3GcBck26jh54cX4Q==

"@esbuild/win32-x64@0.27.3":
  version "0.27.3"
  resolved "https://registry.yarnpkg.com/@esbuild/win32-x64/-/win32-x64-0.27.3.tgz#0eaf705c941a218a43dba8e09f1df1d6cd2f1f17"
  integrity sha512-4uJGhsxuptu3OcpVAzli+/gWusVGwZZHTlS63hh++ehExkVT8SgiEf7/uC/PclrPPkLhZqGgCTjd0VWLo6xMqA==

"@img/colour@^1.0.0":
  version "1.1.0"
  resolved "https://registry.yarnpkg.com/@img/colour/-/colour-1.1.0.tgz#b0c2c2fa661adf75effd6b4964497cd80010bb9d"
  integrity sha512-Td76q7j57o/tLVdgS746cYARfSyxk8iEfRxewL9h4OMzYhbW4TAcppl0mT4eyqXddh6L/jwoM75mo7ixa/pCeQ==

"@img/sharp-darwin-arm64@0.34.5":
  version "0.34.5"
  resolved "https://registry.yarnpkg.com/@img/sharp-darwin-arm64/-/sharp-darwin-arm64-0.34.5.tgz#6e0732dcade126b6670af7aa17060b926835ea86"
  integrity sha512-imtQ3WMJXbMY4fxb/Ndp6HBTNVtWCUI0WdobyheGf5+ad6xX8VIDO8u2xE4qc/fr08CKG/7dDseFtn6M6g/r3w==
  optionalDependencies:
    "@img/sharp-libvips-darwin-arm64" "1.2.4"

"@img/sharp-darwin-x64@0.34.5":
  version "0.34.5"
  resolved "https://registry.yarnpkg.com/@img/sharp-darwin-x64/-/sharp-darwin-x64-0.34.5.tgz#19bc1dd6eba6d5a96283498b9c9f401180ee9c7b"
  integrity sha512-YNEFAF/4KQ/PeW0N+r+aVVsoIY0/qxxikF2SWdp+NRkmMB7y9LBZAVqQ4yhGCm/H3H270OSykqmQMKLBhBJDEw==
  optionalDependencies:
    "@img/sharp-libvips-darwin-x64" "1.2.4"

"@img/sharp-libvips-darwin-arm64@1.2.4":
  version "1.2.4"
  resolved "https://registry.yarnpkg.com/@img/sharp-libvips-darwin-arm64/-/sharp-libvips-darwin-arm64-1.2.4.tgz#2894c0cb87d42276c3889942e8e2db517a492c43"
  integrity sha512-zqjjo7RatFfFoP0MkQ51jfuFZBnVE2pRiaydKJ1G/rHZvnsrHAOcQALIi9sA5co5xenQdTugCvtb1cuf78Vf4g==

"@img/sharp-libvips-darwin-x64@1.2.4":
  version "1.2.4"
  resolved "https://registry.yarnpkg.com/@img/sharp-libvips-darwin-x64/-/sharp-libvips-darwin-x64-1.2.4.tgz#e63681f4539a94af9cd17246ed8881734386f8cc"
  integrity sha512-1IOd5xfVhlGwX+zXv2N93k0yMONvUlANylbJw1eTah8K/Jtpi15KC+WSiaX/nBmbm2HxRM1gZ0nSdjSsrZbGKg==

"@img/sharp-libvips-linux-arm64@1.2.4":
  version "1.2.4"
  resolved "https://registry.yarnpkg.com/@img/sharp-libvips-linux-arm64/-/sharp-libvips-linux-arm64-1.2.4.tgz#b1b288b36864b3bce545ad91fa6dadcf1a4ad318"
  integrity sha512-excjX8DfsIcJ10x1Kzr4RcWe1edC9PquDRRPx3YVCvQv+U5p7Yin2s32ftzikXojb1PIFc/9Mt28/y+iRklkrw==

"@img/sharp-libvips-linux-arm@1.2.4":
  version "1.2.4"
  resolved "https://registry.yarnpkg.com/@img/sharp-libvips-linux-arm/-/sharp-libvips-linux-arm-1.2.4.tgz#b9260dd1ebe6f9e3bdbcbdcac9d2ac125f35852d"
  integrity sha512-bFI7xcKFELdiNCVov8e44Ia4u2byA+l3XtsAj+Q8tfCwO6BQ8iDojYdvoPMqsKDkuoOo+X6HZA0s0q11ANMQ8A==

"@img/sharp-libvips-linux-ppc64@1.2.4":
  version "1.2.4"
  resolved "https://registry.yarnpkg.com/@img/sharp-libvips-linux-ppc64/-/sharp-libvips-linux-ppc64-1.2.4.tgz#4b83ecf2a829057222b38848c7b022e7b4d07aa7"
  integrity sha512-FMuvGijLDYG6lW+b/UvyilUWu5Ayu+3r2d1S8notiGCIyYU/76eig1UfMmkZ7vwgOrzKzlQbFSuQfgm7GYUPpA==

"@img/sharp-libvips-linux-riscv64@1.2.4":
  version "1.2.4"
  resolved "https://registry.yarnpkg.com/@img/sharp-libvips-linux-riscv64/-/sharp-libvips-linux-riscv64-1.2.4.tgz#880b4678009e5a2080af192332b00b0aaf8a48de"
  integrity sha512-oVDbcR4zUC0ce82teubSm+x6ETixtKZBh/qbREIOcI3cULzDyb18Sr/Wcyx7NRQeQzOiHTNbZFF1UwPS2scyGA==

"@img/sharp-libvips-linux-s390x@1.2.4":
  version "1.2.4"
  resolved "https://registry.yarnpkg.com/@img/sharp-libvips-linux-s390x/-/sharp-libvips-linux-s390x-1.2.4.tgz#74f343c8e10fad821b38f75ced30488939dc59ec"
  integrity sha512-qmp9VrzgPgMoGZyPvrQHqk02uyjA0/QrTO26Tqk6l4ZV0MPWIW6LTkqOIov+J1yEu7MbFQaDpwdwJKhbJvuRxQ==

"@img/sharp-libvips-linux-x64@1.2.4":
  version "1.2.4"
  resolved "https://registry.yarnpkg.com/@img/sharp-libvips-linux-x64/-/sharp-libvips-linux-x64-1.2.4.tgz#df4183e8bd8410f7d61b66859a35edeab0a531ce"
  integrity sha512-tJxiiLsmHc9Ax1bz3oaOYBURTXGIRDODBqhveVHonrHJ9/+k89qbLl0bcJns+e4t4rvaNBxaEZsFtSfAdquPrw==

"@img/sharp-libvips-linuxmusl-arm64@1.2.4":
  version "1.2.4"
  resolved "https://registry.yarnpkg.com/@img/sharp-libvips-linuxmusl-arm64/-/sharp-libvips-linuxmusl-arm64-1.2.4.tgz#c8d6b48211df67137541007ee8d1b7b1f8ca8e06"
  integrity sha512-FVQHuwx1IIuNow9QAbYUzJ+En8KcVm9Lk5+uGUQJHaZmMECZmOlix9HnH7n1TRkXMS0pGxIJokIVB9SuqZGGXw==

"@img/sharp-libvips-linuxmusl-x64@1.2.4":
  version "1.2.4"
  resolved "https://registry.yarnpkg.com/@img/sharp-libvips-linuxmusl-x64/-/sharp-libvips-linuxmusl-x64-1.2.4.tgz#be11c75bee5b080cbee31a153a8779448f919f75"
  integrity sha512-+LpyBk7L44ZIXwz/VYfglaX/okxezESc6UxDSoyo2Ks6Jxc4Y7sGjpgU9s4PMgqgjj1gZCylTieNamqA1MF7Dg==

"@img/sharp-linux-arm64@0.34.5":
  version "0.34.5"
  resolved "https://registry.yarnpkg.com/@img/sharp-linux-arm64/-/sharp-linux-arm64-0.34.5.tgz#7aa7764ef9c001f15e610546d42fce56911790cc"
  integrity sha512-bKQzaJRY/bkPOXyKx5EVup7qkaojECG6NLYswgktOZjaXecSAeCWiZwwiFf3/Y+O1HrauiE3FVsGxFg8c24rZg==
  optionalDependencies:
    "@img/sharp-libvips-linux-arm64" "1.2.4"

"@img/sharp-linux-arm@0.34.5":
  version "0.34.5"
  resolved "https://registry.yarnpkg.com/@img/sharp-linux-arm/-/sharp-linux-arm-0.34.5.tgz#5fb0c3695dd12522d39c3ff7a6bc816461780a0d"
  integrity sha512-9dLqsvwtg1uuXBGZKsxem9595+ujv0sJ6Vi8wcTANSFpwV/GONat5eCkzQo/1O6zRIkh0m/8+5BjrRr7jDUSZw==
  optionalDependencies:
    "@img/sharp-libvips-linux-arm" "1.2.4"

"@img/sharp-linux-ppc64@0.34.5":
  version "0.34.5"
  resolved "https://registry.yarnpkg.com/@img/sharp-linux-ppc64/-/sharp-linux-ppc64-0.34.5.tgz#9c213a81520a20caf66978f3d4c07456ff2e0813"
  integrity sha512-7zznwNaqW6YtsfrGGDA6BRkISKAAE1Jo0QdpNYXNMHu2+0dTrPflTLNkpc8l7MUP5M16ZJcUvysVWWrMefZquA==
  optionalDependencies:
    "@img/sharp-libvips-linux-ppc64" "1.2.4"

"@img/sharp-linux-riscv64@0.34.5":
  version "0.34.5"
  resolved "https://registry.yarnpkg.com/@img/sharp-linux-riscv64/-/sharp-linux-riscv64-0.34.5.tgz#cdd28182774eadbe04f62675a16aabbccb833f60"
  integrity sha512-51gJuLPTKa7piYPaVs8GmByo7/U7/7TZOq+cnXJIHZKavIRHAP77e3N2HEl3dgiqdD/w0yUfiJnII77PuDDFdw==
  optionalDependencies:
    "@img/sharp-libvips-linux-riscv64" "1.2.4"

"@img/sharp-linux-s390x@0.34.5":
  version "0.34.5"
  resolved "https://registry.yarnpkg.com/@img/sharp-linux-s390x/-/sharp-linux-s390x-0.34.5.tgz#93eac601b9f329bb27917e0e19098c722d630df7"
  integrity sha512-nQtCk0PdKfho3eC5MrbQoigJ2gd1CgddUMkabUj+rBevs8tZ2cULOx46E7oyX+04WGfABgIwmMC0VqieTiR4jg==
  optionalDependencies:
    "@img/sharp-libvips-linux-s390x" "1.2.4"

"@img/sharp-linux-x64@0.34.5":
  version "0.34.5"
  resolved "https://registry.yarnpkg.com/@img/sharp-linux-x64/-/sharp-linux-x64-0.34.5.tgz#55abc7cd754ffca5002b6c2b719abdfc846819a8"
  integrity sha512-MEzd8HPKxVxVenwAa+JRPwEC7QFjoPWuS5NZnBt6B3pu7EG2Ge0id1oLHZpPJdn3OQK+BQDiw9zStiHBTJQQQQ==
  optionalDependencies:
    "@img/sharp-libvips-linux-x64" "1.2.4"

"@img/sharp-linuxmusl-arm64@0.34.5":
  version "0.34.5"
  resolved "https://registry.yarnpkg.com/@img/sharp-linuxmusl-arm64/-/sharp-linuxmusl-arm64-0.34.5.tgz#d6515ee971bb62f73001a4829b9d865a11b77086"
  integrity sha512-fprJR6GtRsMt6Kyfq44IsChVZeGN97gTD331weR1ex1c1rypDEABN6Tm2xa1wE6lYb5DdEnk03NZPqA7Id21yg==
  optionalDependencies:
    "@img/sharp-libvips-linuxmusl-arm64" "1.2.4"

"@img/sharp-linuxmusl-x64@0.34.5":
  version "0.34.5"
  resolved "https://registry.yarnpkg.com/@img/sharp-linuxmusl-x64/-/sharp-linuxmusl-x64-0.34.5.tgz#d97978aec7c5212f999714f2f5b736457e12ee9f"
  integrity sha512-Jg8wNT1MUzIvhBFxViqrEhWDGzqymo3sV7z7ZsaWbZNDLXRJZoRGrjulp60YYtV4wfY8VIKcWidjojlLcWrd8Q==
  optionalDependencies:
    "@img/sharp-libvips-linuxmusl-x64" "1.2.4"

"@img/sharp-wasm32@0.34.5":
  version "0.34.5"
  resolved "https://registry.yarnpkg.com/@img/sharp-wasm32/-/sharp-wasm32-0.34.5.tgz#2f15803aa626f8c59dd7c9d0bbc766f1ab52cfa0"
  integrity sha512-OdWTEiVkY2PHwqkbBI8frFxQQFekHaSSkUIJkwzclWZe64O1X4UlUjqqqLaPbUpMOQk6FBu/HtlGXNblIs0huw==
  dependencies:
    "@emnapi/runtime" "^1.7.0"

"@img/sharp-win32-arm64@0.34.5":
  version "0.34.5"
  resolved "https://registry.yarnpkg.com/@img/sharp-win32-arm64/-/sharp-win32-arm64-0.34.5.tgz#3706e9e3ac35fddfc1c87f94e849f1b75307ce0a"
  integrity sha512-WQ3AgWCWYSb2yt+IG8mnC6Jdk9Whs7O0gxphblsLvdhSpSTtmu69ZG1Gkb6NuvxsNACwiPV6cNSZNzt0KPsw7g==

"@img/sharp-win32-ia32@0.34.5":
  version "0.34.5"
  resolved "https://registry.yarnpkg.com/@img/sharp-win32-ia32/-/sharp-win32-ia32-0.34.5.tgz#0b71166599b049e032f085fb9263e02f4e4788de"
  integrity sha512-FV9m/7NmeCmSHDD5j4+4pNI8Cp3aW+JvLoXcTUo0IqyjSfAZJ8dIUmijx1qaJsIiU+Hosw6xM5KijAWRJCSgNg==

"@img/sharp-win32-x64@0.34.5":
  version "0.34.5"
  resolved "https://registry.yarnpkg.com/@img/sharp-win32-x64/-/sharp-win32-x64-0.34.5.tgz#a81ffb00e69267cd0a1d626eaedb8a8430b2b2f8"
  integrity sha512-+29YMsqY2/9eFEiW93eqWnuLcWcufowXewwSNIT6UwZdUUCrM3oFjMWH/Z6/TMmb4hlFenmfAVbpWeup2jryCw==

"@shuding/opentype.js@1.4.0-beta.0":
  version "1.4.0-beta.0"
  resolved "https://registry.yarnpkg.com/@shuding/opentype.js/-/opentype.js-1.4.0-beta.0.tgz#5d1e7e9e056f546aad41df1c5043f8f85d39e24b"
  integrity sha512-3NgmNyH3l/Hv6EvsWJbsvpcpUba6R8IREQ83nH83cyakCw7uM1arZKNfHwv1Wz6jgqrF/j4x5ELvR6PnK9nTcA==
  dependencies:
    fflate "^0.7.3"
    string.prototype.codepointat "^0.2.1"

"@types/node@^24.3.0":
  version "24.11.0"
  resolved "https://registry.yarnpkg.com/@types/node/-/node-24.11.0.tgz#34e8f9603ada03fdc36a532faefdb8e1bb3693a0"
  integrity sha512-fPxQqz4VTgPI/IQ+lj9r0h+fDR66bzoeMGHp8ASee+32OSGIkeASsoZuJixsQoVef1QJbeubcPBxKk22QVoWdw==
  dependencies:
    undici-types "~7.16.0"

base64-js@0.0.8:
  version "0.0.8"
  resolved "https://registry.yarnpkg.com/base64-js/-/base64-js-0.0.8.tgz#1101e9544f4a76b1bc3b26d452ca96d7a35e7978"
  integrity sha512-3XSA2cR/h/73EzlXXdU6YNycmYI7+kicTxks4eJg2g39biHR84slg2+des+p7iHYhbRg/udIS4TD53WabcOUkw==

camelize@^1.0.0:
  version "1.0.1"
  resolved "https://registry.yarnpkg.com/camelize/-/camelize-1.0.1.tgz#89b7e16884056331a35d6b5ad064332c91daa6c3"
  integrity sha512-dU+Tx2fsypxTgtLoE36npi3UqcjSSMNYfkqgmoEhtZrraP5VWq0K7FkWVTYa8eMPtnU/G2txVsfdCJTn9uzpuQ==

color-name@^1.1.4:
  version "1.1.4"
  resolved "https://registry.yarnpkg.com/color-name/-/color-name-1.1.4.tgz#c2a09a87acbde69543de6f63fa3995c826c536a2"
  integrity sha512-dOy+3AuW3a2wNbZHIuMZpTcgjGuLU/uBL/ubcZF9OXbDo8ff4O8yVp5Bf0efS8uEoYo5q4Fx7dY9OgQGXgAsQA==

css-background-parser@^0.1.0:
  version "0.1.0"
  resolved "https://registry.yarnpkg.com/css-background-parser/-/css-background-parser-0.1.0.tgz#48a17f7fe6d4d4f1bca3177ddf16c5617950741b"
  integrity sha512-2EZLisiZQ+7m4wwur/qiYJRniHX4K5Tc9w93MT3AS0WS1u5kaZ4FKXlOTBhOjc+CgEgPiGY+fX1yWD8UwpEqUA==

css-box-shadow@1.0.0-3:
  version "1.0.0-3"
  resolved "https://registry.yarnpkg.com/css-box-shadow/-/css-box-shadow-1.0.0-3.tgz#9eaeb7140947bf5d649fc49a19e4bbaa5f602713"
  integrity sha512-9jaqR6e7Ohds+aWwmhe6wILJ99xYQbfmK9QQB9CcMjDbTxPZjwEmUQpU91OG05Xgm8BahT5fW+svbsQGjS/zPg==

css-color-keywords@^1.0.0:
  version "1.0.0"
  resolved "https://registry.yarnpkg.com/css-color-keywords/-/css-color-keywords-1.0.0.tgz#fea2616dc676b2962686b3af8dbdbe180b244e05"
  integrity sha512-FyyrDHZKEjXDpNJYvVsV960FiqQyXc/LlYmsxl2BcdMb2WPx0OGRVgTg55rPSyLSNMqP52R9r8geSp7apN3Ofg==

css-gradient-parser@^0.0.17:
  version "0.0.17"
  resolved "https://registry.yarnpkg.com/css-gradient-parser/-/css-gradient-parser-0.0.17.tgz#9a523419f328ad2777ae790c296a6932d470aa9a"
  integrity sha512-w2Xy9UMMwlKtou0vlRnXvWglPAceXCTtcmVSo8ZBUvqCV5aXEFP/PC6d+I464810I9FT++UACwTD5511bmGPUg==

css-to-react-native@^3.0.0:
  version "3.2.0"
  resolved "https://registry.yarnpkg.com/css-to-react-native/-/css-to-react-native-3.2.0.tgz#cdd8099f71024e149e4f6fe17a7d46ecd55f1e32"
  integrity sha512-e8RKaLXMOFii+02mOlqwjbD00KSEKqblnpO9e++1aXS1fPQOpS1YoqdVHBqPjHNoxeF2mimzVqawm2KCbEdtHQ==
  dependencies:
    camelize "^1.0.0"
    css-color-keywords "^1.0.0"
    postcss-value-parser "^4.0.2"

detect-libc@^2.1.2:
  version "2.1.2"
  resolved "https://registry.yarnpkg.com/detect-libc/-/detect-libc-2.1.2.tgz#689c5dcdc1900ef5583a4cb9f6d7b473742074ad"
  integrity sha512-Btj2BOOO83o3WyH59e8MgXsxEQVcarkUOpEYrubB0urwnN10yQ364rsiByU11nZlqWYZm05i/of7io4mzihBtQ==

emoji-regex-xs@^2.0.1:
  version "2.0.1"
  resolved "https://registry.yarnpkg.com/emoji-regex-xs/-/emoji-regex-xs-2.0.1.tgz#012f4e4d88ecec8397df32d5b4ef89d422559c0e"
  integrity sha512-1QFuh8l7LqUcKe24LsPUNzjrzJQ7pgRwp1QMcZ5MX6mFplk2zQ08NVCM84++1cveaUUYtcCYHmeFEuNg16sU4g==

esbuild@~0.27.0:
  version "0.27.3"
  resolved "https://registry.yarnpkg.com/esbuild/-/esbuild-0.27.3.tgz#5859ca8e70a3af956b26895ce4954d7e73bd27a8"
  integrity sha512-8VwMnyGCONIs6cWue2IdpHxHnAjzxnw2Zr7MkVxB2vjmQ2ivqGFb4LEG3SMnv0Gb2F/G/2yA8zUaiL1gywDCCg==
  optionalDependencies:
    "@esbuild/aix-ppc64" "0.27.3"
    "@esbuild/android-arm" "0.27.3"
    "@esbuild/android-arm64" "0.27.3"
    "@esbuild/android-x64" "0.27.3"
    "@esbuild/darwin-arm64" "0.27.3"
    "@esbuild/darwin-x64" "0.27.3"
    "@esbuild/freebsd-arm64" "0.27.3"
    "@esbuild/freebsd-x64" "0.27.3"
    "@esbuild/linux-arm" "0.27.3"
    "@esbuild/linux-arm64" "0.27.3"
    "@esbuild/linux-ia32" "0.27.3"
    "@esbuild/linux-loong64" "0.27.3"
    "@esbuild/linux-mips64el" "0.27.3"
    "@esbuild/linux-ppc64" "0.27.3"
    "@esbuild/linux-riscv64" "0.27.3"
    "@esbuild/linux-s390x" "0.27.3"
    "@esbuild/linux-x64" "0.27.3"
    "@esbuild/netbsd-arm64" "0.27.3"
    "@esbuild/netbsd-x64" "0.27.3"
    "@esbuild/openbsd-arm64" "0.27.3"
    "@esbuild/openbsd-x64" "0.27.3"
    "@esbuild/openharmony-arm64" "0.27.3"
    "@esbuild/sunos-x64" "0.27.3"
    "@esbuild/win32-arm64" "0.27.3"
    "@esbuild/win32-ia32" "0.27.3"
    "@esbuild/win32-x64" "0.27.3"

escape-html@^1.0.3:
  version "1.0.3"
  resolved "https://registry.yarnpkg.com/escape-html/-/escape-html-1.0.3.tgz#0258eae4d3d0c0974de1c169188ef0051d1d1988"
  integrity sha512-NiSupZ4OeuGwr68lGIeym/ksIZMJodUGOSCZ/FSnTxcrekbvqrgdUxlJOMpijaKZVjAJrWrGs/6Jy8OMuyj9ow==

fflate@^0.7.3:
  version "0.7.4"
  resolved "https://registry.yarnpkg.com/fflate/-/fflate-0.7.4.tgz#61587e5d958fdabb5a9368a302c25363f4f69f50"
  integrity sha512-5u2V/CDW15QM1XbbgS+0DfPxVB+jUKhWEKuuFuHncbk3tEEqzmoXL+2KyOFuKGqOnmdIy0/davWF1CkuwtibCw==

fsevents@~2.3.3:
  version "2.3.3"
  resolved "https://registry.yarnpkg.com/fsevents/-/fsevents-2.3.3.tgz#cac6407785d03675a2a5e1a5305c697b347d90d6"
  integrity sha512-5xoDfX+fL7faATnagmWPpbFtwh/R77WmMMqqHGS65C3vvB0YHrgF+B1YmZ3441tMj5n63k0212XNoJwzlhffQw==

get-tsconfig@^4.7.5:
  version "4.13.6"
  resolved "https://registry.yarnpkg.com/get-tsconfig/-/get-tsconfig-4.13.6.tgz#2fbfda558a98a691a798f123afd95915badce876"
  integrity sha512-shZT/QMiSHc/YBLxxOkMtgSid5HFoauqCE3/exfsEcwg1WkeqjG+V40yBbBrsD+jW2HDXcs28xOfcbm2jI8Ddw==
  dependencies:
    resolve-pkg-maps "^1.0.0"

hex-rgb@^4.1.0:
  version "4.3.0"
  resolved "https://registry.yarnpkg.com/hex-rgb/-/hex-rgb-4.3.0.tgz#af5e974e83bb2fefe44d55182b004ec818c07776"
  integrity sha512-Ox1pJVrDCyGHMG9CFg1tmrRUMRPRsAWYc/PinY0XzJU4K7y7vjNoLKIQ7BR5UJMCxNN8EM1MNDmHWA/B3aZUuw==

linebreak@^1.1.0:
  version "1.1.0"
  resolved "https://registry.yarnpkg.com/linebreak/-/linebreak-1.1.0.tgz#831cf378d98bced381d8ab118f852bd50d81e46b"
  integrity sha512-MHp03UImeVhB7XZtjd0E4n6+3xr5Dq/9xI/5FptGk5FrbDR3zagPa2DS6U8ks/3HjbKWG9Q1M2ufOzxV2qLYSQ==
  dependencies:
    base64-js "0.0.8"
    unicode-trie "^2.0.0"

pako@^0.2.5:
  version "0.2.9"
  resolved "https://registry.yarnpkg.com/pako/-/pako-0.2.9.tgz#f3f7522f4ef782348da8161bad9ecfd51bf83a75"
  integrity sha512-NUcwaKxUxWrZLpDG+z/xZaCgQITkA/Dv4V/T6bw7VON6l1Xz/VnrBqrYjZQ12TamKHzITTfOEIYUj48y2KXImA==

parse-css-color@^0.2.1:
  version "0.2.1"
  resolved "https://registry.yarnpkg.com/parse-css-color/-/parse-css-color-0.2.1.tgz#b687a583f2e42e66ffdfce80a570706966e807c9"
  integrity sha512-bwS/GGIFV3b6KS4uwpzCFj4w297Yl3uqnSgIPsoQkx7GMLROXfMnWvxfNkL0oh8HVhZA4hvJoEoEIqonfJ3BWg==
  dependencies:
    color-name "^1.1.4"
    hex-rgb "^4.1.0"

postcss-value-parser@^4.0.2, postcss-value-parser@^4.2.0:
  version "4.2.0"
  resolved "https://registry.yarnpkg.com/postcss-value-parser/-/postcss-value-parser-4.2.0.tgz#723c09920836ba6d3e5af019f92bc0971c02e514"
  integrity sha512-1NNCs6uurfkVbeXG4S8JFT9t19m45ICnif8zWLd5oPSZ50QnwMfK+H3jv408d4jw/7Bttv5axS5IiHoLaVNHeQ==

resolve-pkg-maps@^1.0.0:
  version "1.0.0"
  resolved "https://registry.yarnpkg.com/resolve-pkg-maps/-/resolve-pkg-maps-1.0.0.tgz#616b3dc2c57056b5588c31cdf4b3d64db133720f"
  integrity sha512-seS2Tj26TBVOC2NIc2rOe2y2ZO7efxITtLZcGSOnHHNOQ7CkiUBfw0Iw2ck6xkIhPwLhKNLS8BO+hEpngQlqzw==

satori@^0.21.0:
  version "0.21.0"
  resolved "https://registry.yarnpkg.com/satori/-/satori-0.21.0.tgz#486b1a8856f4ec2c2e3da9807b2acd38658e1e22"
  integrity sha512-PV5II6Z+gsFFLq4jp6mslt0ObNRzcTi5Xq+8JtJ3ReqBS9k4nF4ajqITFXygPZgRA6l5+22NYIS1WRTqTfDp5g==
  dependencies:
    "@shuding/opentype.js" "1.4.0-beta.0"
    css-background-parser "^0.1.0"
    css-box-shadow "1.0.0-3"
    css-gradient-parser "^0.0.17"
    css-to-react-native "^3.0.0"
    emoji-regex-xs "^2.0.1"
    escape-html "^1.0.3"
    linebreak "^1.1.0"
    parse-css-color "^0.2.1"
    postcss-value-parser "^4.2.0"
    yoga-layout "^3.2.1"

semver@^7.7.3:
  version "7.7.4"
  resolved "https://registry.yarnpkg.com/semver/-/semver-7.7.4.tgz#28464e36060e991fa7a11d0279d2d3f3b57a7e8a"
  integrity sha512-vFKC2IEtQnVhpT78h1Yp8wzwrf8CM+MzKMHGJZfBtzhZNycRFnXsHk6E5TxIkkMsgNS7mdX3AGB7x2QM2di4lA==

sharp@^0.34.5:
  version "0.34.5"
  resolved "https://registry.yarnpkg.com/sharp/-/sharp-0.34.5.tgz#b6f148e4b8c61f1797bde11a9d1cfebbae2c57b0"
  integrity sha512-Ou9I5Ft9WNcCbXrU9cMgPBcCK8LiwLqcbywW3t4oDV37n1pzpuNLsYiAV8eODnjbtQlSDwZ2cUEeQz4E54Hltg==
  dependencies:
    "@img/colour" "^1.0.0"
    detect-libc "^2.1.2"
    semver "^7.7.3"
  optionalDependencies:
    "@img/sharp-darwin-arm64" "0.34.5"
    "@img/sharp-darwin-x64" "0.34.5"
    "@img/sharp-libvips-darwin-arm64" "1.2.4"
    "@img/sharp-libvips-darwin-x64" "1.2.4"
    "@img/sharp-libvips-linux-arm" "1.2.4"
    "@img/sharp-libvips-linux-arm64" "1.2.4"
    "@img/sharp-libvips-linux-ppc64" "1.2.4"
    "@img/sharp-libvips-linux-riscv64" "1.2.4"
    "@img/sharp-libvips-linux-s390x" "1.2.4"
    "@img/sharp-libvips-linux-x64" "1.2.4"
    "@img/sharp-libvips-linuxmusl-arm64" "1.2.4"
    "@img/sharp-libvips-linuxmusl-x64" "1.2.4"
    "@img/sharp-linux-arm" "0.34.5"
    "@img/sharp-linux-arm64" "0.34.5"
    "@img/sharp-linux-ppc64" "0.34.5"
    "@img/sharp-linux-riscv64" "0.34.5"
    "@img/sharp-linux-s390x" "0.34.5"
    "@img/sharp-linux-x64" "0.34.5"
    "@img/sharp-linuxmusl-arm64" "0.34.5"
    "@img/sharp-linuxmusl-x64" "0.34.5"
    "@img/sharp-wasm32" "0.34.5"
    "@img/sharp-win32-arm64" "0.34.5"
    "@img/sharp-win32-ia32" "0.34.5"
    "@img/sharp-win32-x64" "0.34.5"

string.prototype.codepointat@^0.2.1:
  version "0.2.1"
  resolved "https://registry.yarnpkg.com/string.prototype.codepointat/-/string.prototype.codepointat-0.2.1.tgz#004ad44c8afc727527b108cd462b4d971cd469bc"
  integrity sha512-2cBVCj6I4IOvEnjgO/hWqXjqBGsY+zwPmHl12Srk9IXSZ56Jwwmy+66XO5Iut/oQVR7t5ihYdLB0GMa4alEUcg==

tiny-inflate@^1.0.0:
  version "1.0.3"
  resolved "https://registry.yarnpkg.com/tiny-inflate/-/tiny-inflate-1.0.3.tgz#122715494913a1805166aaf7c93467933eea26c4"
  integrity sha512-pkY1fj1cKHb2seWDy0B16HeWyczlJA9/WW3u3c4z/NiWDsO3DOU5D7nhTLE9CF0yXv/QZFY7sEJmj24dK+Rrqw==

tslib@^2.4.0:
  version "2.8.1"
  resolved "https://registry.yarnpkg.com/tslib/-/tslib-2.8.1.tgz#612efe4ed235d567e8aba5f2a5fab70280ade83f"
  integrity sha512-oJFu94HQb+KVduSUQL7wnpmqnfmLsOA/nAh6b6EH0wCEoK0/mPeXU6c3wKDV83MkOuHPRHtSXKKU99IBazS/2w==

tsx@^4.20.6:
  version "4.21.0"
  resolved "https://registry.yarnpkg.com/tsx/-/tsx-4.21.0.tgz#32aa6cf17481e336f756195e6fe04dae3e6308b1"
  integrity sha512-5C1sg4USs1lfG0GFb2RLXsdpXqBSEhAaA/0kPL01wxzpMqLILNxIxIOKiILz+cdg/pLnOUxFYOR5yhHU666wbw==
  dependencies:
    esbuild "~0.27.0"
    get-tsconfig "^4.7.5"
  optionalDependencies:
    fsevents "~2.3.3"

typescript@^5.9.2:
  version "5.9.3"
  resolved "https://registry.yarnpkg.com/typescript/-/typescript-5.9.3.tgz#5b4f59e15310ab17a216f5d6cf53ee476ede670f"
  integrity sha512-jl1vZzPDinLr9eUt3J/t7V6FgNEw9QjvBPdysz9KfQDD41fQrC2Y4vKQdiaUpFT4bXlb1RHhLpp8wtm6M5TgSw==

undici-types@~7.16.0:
  version "7.16.0"
  resolved "https://registry.yarnpkg.com/undici-types/-/undici-types-7.16.0.tgz#ffccdff36aea4884cbfce9a750a0580224f58a46"
  integrity sha512-Zz+aZWSj8LE6zoxD+xrjh4VfkIG8Ya6LvYkZqtUQGJPZjYl53ypCaUwWqo7eI0x66KBGeRo+mlBEkMSeSZ38Nw==

unicode-trie@^2.0.0:
  version "2.0.0"
  resolved "https://registry.yarnpkg.com/unicode-trie/-/unicode-trie-2.0.0.tgz#8fd8845696e2e14a8b67d78fa9e0dd2cad62fec8"
  integrity sha512-x7bc76x0bm4prf1VLg79uhAzKw8DVboClSN5VxJuQ+LKDOVEW9CdH+VY7SP+vX7xCYQqzzgQpFqz15zeLvAtZQ==
  dependencies:
    pako "^0.2.5"
    tiny-inflate "^1.0.0"

yoga-layout@^3.2.1:
  version "3.2.1"
  resolved "https://registry.yarnpkg.com/yoga-layout/-/yoga-layout-3.2.1.tgz#d2d1ba06f0e81c2eb650c3e5ad8b0b4adde1e843"
  integrity sha512-0LPOt3AxKqMdFBZA3HBAt/t/8vIKq7VaQYbuA8WxCgung+p9TVyKRYdpvCb80HcdTN2NkbIKbhNwKUfm3tQywQ==
